
Microsoft Visual Studio Solution File, Format Version 12.00
# Visual Studio Version 17
VisualStudioVersion = 17.2.32630.192
MinimumVisualStudioVersion = 10.0.40219.1
Project("{9A19103F-16F7-4668-BE54-9A1E7A4F7556}") = "Adapter", "Adapter\Adapter.csproj", "{E92B9881-3980-476E-882E-444F0462CB50}"
EndProject
Project("{9A19103F-16F7-4668-BE54-9A1E7A4F7556}") = "Composite", "Composite\Composite.csproj", "{0C83FB93-4D28-4F9C-91D4-414498BF605A}"
EndProject
Project("{9A19103F-16F7-4668-BE54-9A1E7A4F7556}") = "Facade", "Facade\Facade.csproj", "{1952BC3E-2B74-4395-9B80-E28A08606EA1}"
EndProject
Project("{9A19103F-16F7-4668-BE54-9A1E7A4F7556}") = "ProductCatalogService", "ProductCatalog\ProductCatalogService.csproj", "{A22BAB7B-AB9A-4D81-B2F1-7E114B67DAA1}"
EndProject
Project("{9A19103F-16F7-4668-BE54-9A1E7A4F7556}") = "PaymentSystemService", "PaymentSystem\PaymentSystemService.csproj", "{49C9C828-4DB8-4349-8B01-285819A20D06}"
EndProject
Project("{9A19103F-16F7-4668-BE54-9A1E7A4F7556}") = "InvoiceSystemService", "InvoiceSystem\InvoiceSystemService.csproj", "{BE70B9DD-A359-4D02-88F7-F65CEF6C63EA}"
EndProject
Project("{9A19103F-16F7-4668-BE54-9A1E7A4F7556}") = "FactoryMethod", "FactoryMethod\FactoryMethod.csproj", "{99256BEC-DBC8-4FB5-8A3C-5E05A9DC8FEA}"
EndProject
Global
	GlobalSection(SolutionConfigurationPlatforms) = preSolution
		Debug|Any CPU = Debug|Any CPU
		Release|Any CPU = Release|Any CPU
	EndGlobalSection
	GlobalSection(ProjectConfigurationPlatforms) = postSolution
		{E92B9881-3980-476E-882E-444F0462CB50}.Debug|Any CPU.ActiveCfg = Debug|Any CPU
		{E92B9881-3980-476E-882E-444F0462CB50}.Debug|Any CPU.Build.0 = Debug|Any CPU
		{E92B9881-3980-476E-882E-444F0462CB50}.Release|Any CPU.ActiveCfg = Release|Any CPU
		{E92B9881-3980-476E-882E-444F0462CB50}.Release|Any CPU.Build.0 = Release|Any CPU
		{0C83FB93-4D28-4F9C-91D4-414498BF605A}.Debug|Any CPU.ActiveCfg = Debug|Any CPU
		{0C83FB93-4D28-4F9C-91D4-414498BF605A}.Debug|Any CPU.Build.0 = Debug|Any CPU
		{0C83FB93-4D28-4F9C-91D4-414498BF605A}.Release|Any CPU.ActiveCfg = Release|Any CPU
		{0C83FB93-4D28-4F9C-91D4-414498BF605A}.Release|Any CPU.Build.0 = Release|Any CPU
		{1952BC3E-2B74-4395-9B80-E28A08606EA1}.Debug|Any CPU.ActiveCfg = Debug|Any CPU
		{1952BC3E-2B74-4395-9B80-E28A08606EA1}.Debug|Any CPU.Build.0 = Debug|Any CPU
		{1952BC3E-2B74-4395-9B80-E28A08606EA1}.Release|Any CPU.ActiveCfg = Release|Any CPU
		{1952BC3E-2B74-4395-9B80-E28A08606EA1}.Release|Any CPU.Build.0 = Release|Any CPU
		{A22BAB7B-AB9A-4D81-B2F1-7E114B67DAA1}.Debug|Any CPU.ActiveCfg = Debug|Any CPU
		{A22BAB7B-AB9A-4D81-B2F1-7E114B67DAA1}.Debug|Any CPU.Build.0 = Debug|Any CPU
		{A22BAB7B-AB9A-4D81-B2F1-7E114B67DAA1}.Release|Any CPU.ActiveCfg = Release|Any CPU
		{A22BAB7B-AB9A-4D81-B2F1-7E114B67DAA1}.Release|Any CPU.Build.0 = Release|Any CPU
		{49C9C828-4DB8-4349-8B01-285819A20D06}.Debug|Any CPU.ActiveCfg = Debug|Any CPU
		{49C9C828-4DB8-4349-8B01-285819A20D06}.Debug|Any CPU.Build.0 = Debug|Any CPU
		{49C9C828-4DB8-4349-8B01-285819A20D06}.Release|Any CPU.ActiveCfg = Release|Any CPU
		{49C9C828-4DB8-4349-8B01-285819A20D06}.Release|Any CPU.Build.0 = Release|Any CPU
		{BE70B9DD-A359-4D02-88F7-F65CEF6C63EA}.Debug|Any CPU.ActiveCfg = Debug|Any CPU
		{BE70B9DD-A359-4D02-88F7-F65CEF6C63EA}.Debug|Any CPU.Build.0 = Debug|Any CPU
		{BE70B9DD-A359-4D02-88F7-F65CEF6C63EA}.Release|Any CPU.ActiveCfg = Release|Any CPU
		{BE70B9DD-A359-4D02-88F7-F65CEF6C63EA}.Release|Any CPU.Build.0 = Release|Any CPU
		{99256BEC-DBC8-4FB5-8A3C-5E05A9DC8FEA}.Debug|Any CPU.ActiveCfg = Debug|Any CPU
		{99256BEC-DBC8-4FB5-8A3C-5E05A9DC8FEA}.Debug|Any CPU.Build.0 = Debug|Any CPU
		{99256BEC-DBC8-4FB5-8A3C-5E05A9DC8FEA}.Release|Any CPU.ActiveCfg = Release|Any CPU
		{99256BEC-DBC8-4FB5-8A3C-5E05A9DC8FEA}.Release|Any CPU.Build.0 = Release|Any CPU
	EndGlobalSection
	GlobalSection(SolutionProperties) = preSolution
		HideSolutionNode = FALSE
	EndGlobalSection
	GlobalSection(ExtensibilityGlobals) = postSolution
		SolutionGuid = {3B4A372F-6D22-4856-97FA-0B0C86997554}
	EndGlobalSection
EndGlobal
